
Microsoft Visual Studio Solution File, Format Version 12.00
# Visual Studio Version 17
VisualStudioVersion = 17.5.33627.172
MinimumVisualStudioVersion = 10.0.40219.1
Project("{9A19103F-16F7-4668-BE54-9A1E7A4F7556}") = "WeatherApp.Client", "WeatherApp.Client\WeatherApp.Client.csproj", "{E25EF67D-B7EB-4CE0-A298-99BBC82D0D17}"
EndProject
Project("{9A19103F-16F7-4668-BE54-9A1E7A4F7556}") = "WeatherApp.Server", "WeatherApp.Server\WeatherApp.Server.csproj", "{63E51EC0-96B9-48C9-9933-1222BC21E99C}"
EndProject
Project("{FAE04EC0-301F-11D3-BF4B-00C04F79EFBC}") = "WeatherApp.Server.Tests.Unit", "WeatherApp.Server.Tests.Unit\WeatherApp.Server.Tests.Unit.csproj", "{2315FCA6-0E7D-4EBB-A33E-6C9A83C6B528}"
EndProject
Project("{FAE04EC0-301F-11D3-BF4B-00C04F79EFBC}") = "WeatherApp.Server.Tests.Integration", "WeatherApp.Server.Tests.Integration\WeatherApp.Server.Tests.Integration.csproj", "{64BF03DD-99B6-4D94-9B41-BFFF8C617D4E}"
EndProject
Global
	GlobalSection(SolutionConfigurationPlatforms) = preSolution
		Debug|Any CPU = Debug|Any CPU
		Release|Any CPU = Release|Any CPU
	EndGlobalSection
	GlobalSection(ProjectConfigurationPlatforms) = postSolution
		{E25EF67D-B7EB-4CE0-A298-99BBC82D0D17}.Debug|Any CPU.ActiveCfg = Debug|Any CPU
		{E25EF67D-B7EB-4CE0-A298-99BBC82D0D17}.Debug|Any CPU.Build.0 = Debug|Any CPU
		{E25EF67D-B7EB-4CE0-A298-99BBC82D0D17}.Release|Any CPU.ActiveCfg = Release|Any CPU
		{E25EF67D-B7EB-4CE0-A298-99BBC82D0D17}.Release|Any CPU.Build.0 = Release|Any CPU
		{63E51EC0-96B9-48C9-9933-1222BC21E99C}.Debug|Any CPU.ActiveCfg = Debug|Any CPU
		{63E51EC0-96B9-48C9-9933-1222BC21E99C}.Debug|Any CPU.Build.0 = Debug|Any CPU
		{63E51EC0-96B9-48C9-9933-1222BC21E99C}.Release|Any CPU.ActiveCfg = Release|Any CPU
		{63E51EC0-96B9-48C9-9933-1222BC21E99C}.Release|Any CPU.Build.0 = Release|Any CPU
		{2315FCA6-0E7D-4EBB-A33E-6C9A83C6B528}.Debug|Any CPU.ActiveCfg = Debug|Any CPU
		{2315FCA6-0E7D-4EBB-A33E-6C9A83C6B528}.Debug|Any CPU.Build.0 = Debug|Any CPU
		{2315FCA6-0E7D-4EBB-A33E-6C9A83C6B528}.Release|Any CPU.ActiveCfg = Release|Any CPU
		{2315FCA6-0E7D-4EBB-A33E-6C9A83C6B528}.Release|Any CPU.Build.0 = Release|Any CPU
		{64BF03DD-99B6-4D94-9B41-BFFF8C617D4E}.Debug|Any CPU.ActiveCfg = Debug|Any CPU
		{64BF03DD-99B6-4D94-9B41-BFFF8C617D4E}.Debug|Any CPU.Build.0 = Debug|Any CPU
		{64BF03DD-99B6-4D94-9B41-BFFF8C617D4E}.Release|Any CPU.ActiveCfg = Release|Any CPU
		{64BF03DD-99B6-4D94-9B41-BFFF8C617D4E}.Release|Any CPU.Build.0 = Release|Any CPU
	EndGlobalSection
	GlobalSection(SolutionProperties) = preSolution
		HideSolutionNode = FALSE
	EndGlobalSection
	GlobalSection(ExtensibilityGlobals) = postSolution
		SolutionGuid = {857588A0-26DF-4314-95D5-EFC9F854388A}
	EndGlobalSection
EndGlobal
